
Microsoft Visual Studio Solution File, Format Version 12.00
# Visual Studio Version 17
VisualStudioVersion = 17.7.34009.444
MinimumVisualStudioVersion = 10.0.40219.1
Project("{FAE04EC0-301F-11D3-BF4B-00C04F79EFBC}") = "Solucion - Practica", "Solucion - Practica\Solucion - Practica.csproj", "{7A7D39A6-775B-4953-AA82-643192C264C7}"
EndProject
Global
	GlobalSection(SolutionConfigurationPlatforms) = preSolution
		Debug|Any CPU = Debug|Any CPU
		Release|Any CPU = Release|Any CPU
	EndGlobalSection
	GlobalSection(ProjectConfigurationPlatforms) = postSolution
		{7A7D39A6-775B-4953-AA82-643192C264C7}.Debug|Any CPU.ActiveCfg = Debug|Any CPU
		{7A7D39A6-775B-4953-AA82-643192C264C7}.Debug|Any CPU.Build.0 = Debug|Any CPU
		{7A7D39A6-775B-4953-AA82-643192C264C7}.Release|Any CPU.ActiveCfg = Release|Any CPU
		{7A7D39A6-775B-4953-AA82-643192C264C7}.Release|Any CPU.Build.0 = Release|Any CPU
	EndGlobalSection
	GlobalSection(SolutionProperties) = preSolution
		HideSolutionNode = FALSE
	EndGlobalSection
	GlobalSection(ExtensibilityGlobals) = postSolution
		SolutionGuid = {32943C97-3175-4373-8118-25CAFE1B1F0E}
	EndGlobalSection
EndGlobal
